
Microsoft Visual Studio Solution File, Format Version 12.00
# Visual Studio 15
Project("{FAE04EC0-301F-11D3-BF4B-00C04F79EFBC}") = "Assembly-CSharp", "Assembly-CSharp.csproj", "{B6C1DDA6-572D-755E-BF43-C60712E47028}"
EndProject
Project("{FAE04EC0-301F-11D3-BF4B-00C04F79EFBC}") = "Assembly-CSharp", "Assembly-CSharp.Player.csproj", "{9C87FEBB-75F3-A487-E560-8358466E43EB}"
EndProject
Global
	GlobalSection(SolutionConfigurationPlatforms) = preSolution
		Debug|Any CPU = Debug|Any CPU
		Release|Any CPU = Release|Any CPU
	EndGlobalSection
	GlobalSection(ProjectConfigurationPlatforms) = postSolution
		{B6C1DDA6-572D-755E-BF43-C60712E47028}.Debug|Any CPU.ActiveCfg = Debug|Any CPU
		{B6C1DDA6-572D-755E-BF43-C60712E47028}.Debug|Any CPU.Build.0 = Debug|Any CPU
		{B6C1DDA6-572D-755E-BF43-C60712E47028}.Release|Any CPU.ActiveCfg = Release|Any CPU
		{B6C1DDA6-572D-755E-BF43-C60712E47028}.Release|Any CPU.Build.0 = Release|Any CPU
		{9C87FEBB-75F3-A487-E560-8358466E43EB}.Debug|Any CPU.ActiveCfg = Debug|Any CPU
		{9C87FEBB-75F3-A487-E560-8358466E43EB}.Debug|Any CPU.Build.0 = Debug|Any CPU
		{9C87FEBB-75F3-A487-E560-8358466E43EB}.Release|Any CPU.ActiveCfg = Release|Any CPU
		{9C87FEBB-75F3-A487-E560-8358466E43EB}.Release|Any CPU.Build.0 = Release|Any CPU
	EndGlobalSection
	GlobalSection(SolutionProperties) = preSolution
		HideSolutionNode = FALSE
	EndGlobalSection
EndGlobal
